
Microsoft Visual Studio Solution File, Format Version 12.00
# Visual Studio 15
VisualStudioVersion = 15.0.28307.168
MinimumVisualStudioVersion = 10.0.40219.1
Project("{FAE04EC0-301F-11D3-BF4B-00C04F79EFBC}") = "SystemIoPipelinesDemo", "SystemIoPipelinesDemo\SystemIoPipelinesDemo.csproj", "{993D7D7D-AFE4-4850-BC15-0CF4323C0023}"
EndProject
Global
	GlobalSection(SolutionConfigurationPlatforms) = preSolution
		Debug|Any CPU = Debug|Any CPU
		Release|Any CPU = Release|Any CPU
	EndGlobalSection
	GlobalSection(ProjectConfigurationPlatforms) = postSolution
		{993D7D7D-AFE4-4850-BC15-0CF4323C0023}.Debug|Any CPU.ActiveCfg = Debug|Any CPU
		{993D7D7D-AFE4-4850-BC15-0CF4323C0023}.Debug|Any CPU.Build.0 = Debug|Any CPU
		{993D7D7D-AFE4-4850-BC15-0CF4323C0023}.Release|Any CPU.ActiveCfg = Release|Any CPU
		{993D7D7D-AFE4-4850-BC15-0CF4323C0023}.Release|Any CPU.Build.0 = Release|Any CPU
	EndGlobalSection
	GlobalSection(SolutionProperties) = preSolution
		HideSolutionNode = FALSE
	EndGlobalSection
	GlobalSection(ExtensibilityGlobals) = postSolution
		SolutionGuid = {413B9256-EE53-4821-B4DE-E99CA798888C}
	EndGlobalSection
EndGlobal
